// !$*UTF8*$!
{
	archiveVersion = 1;
	classes = {
	};
	objectVersion = 50;
	objects = {

/* Begin PBXBuildFile section */
		1605340D26785DFB001368B0 /* FoodItems.swift in Sources */ = {isa = PBXBuildFile; fileRef = 1605340C26785DFB001368B0 /* FoodItems.swift */; };
		1605340F2678636A001368B0 /* Model.swift in Sources */ = {isa = PBXBuildFile; fileRef = 1605340E2678636A001368B0 /* Model.swift */; };
		1625B0F72679B10700160739 /* Localizable.strings in Resources */ = {isa = PBXBuildFile; fileRef = 1625B0F92679B10700160739 /* Localizable.strings */; };
		16A10FBF2676DA5800CB21C8 /* AppDelegate.swift in Sources */ = {isa = PBXBuildFile; fileRef = 16A10FBE2676DA5800CB21C8 /* AppDelegate.swift */; };
		16A10FC12676DA5800CB21C8 /* SceneDelegate.swift in Sources */ = {isa = PBXBuildFile; fileRef = 16A10FC02676DA5800CB21C8 /* SceneDelegate.swift */; };
		16A10FC32676DA5800CB21C8 /* ViewController.swift in Sources */ = {isa = PBXBuildFile; fileRef = 16A10FC22676DA5800CB21C8 /* ViewController.swift */; };
		16A10FC62676DA5800CB21C8 /* Main.storyboard in Resources */ = {isa = PBXBuildFile; fileRef = 16A10FC42676DA5800CB21C8 /* Main.storyboard */; };
		16A10FC82676DA6500CB21C8 /* Assets.xcassets in Resources */ = {isa = PBXBuildFile; fileRef = 16A10FC72676DA6500CB21C8 /* Assets.xcassets */; };
		16A10FCB2676DA6500CB21C8 /* LaunchScreen.storyboard in Resources */ = {isa = PBXBuildFile; fileRef = 16A10FC92676DA6500CB21C8 /* LaunchScreen.storyboard */; };
		16A10FD32676DC2300CB21C8 /* ItemButton.swift in Sources */ = {isa = PBXBuildFile; fileRef = 16A10FD22676DC2300CB21C8 /* ItemButton.swift */; };
/* End PBXBuildFile section */

/* Begin PBXFileReference section */
		1605340C26785DFB001368B0 /* FoodItems.swift */ = {isa = PBXFileReference; lastKnownFileType = sourcecode.swift; path = FoodItems.swift; sourceTree = "<group>"; };
		1605340E2678636A001368B0 /* Model.swift */ = {isa = PBXFileReference; lastKnownFileType = sourcecode.swift; path = Model.swift; sourceTree = "<group>"; };
		1625B0F82679B10700160739 /* en */ = {isa = PBXFileReference; lastKnownFileType = text.plist.strings; name = en; path = en.lproj/Localizable.strings; sourceTree = "<group>"; };
		1625B0FA2679B13400160739 /* fr */ = {isa = PBXFileReference; lastKnownFileType = text.plist.strings; name = fr; path = fr.lproj/Localizable.strings; sourceTree = "<group>"; };
		16A10FBB2676DA5800CB21C8 /* VisualMenu.app */ = {isa = PBXFileReference; explicitFileType = wrapper.application; includeInIndex = 0; path = VisualMenu.app; sourceTree = BUILT_PRODUCTS_DIR; };
		16A10FBE2676DA5800CB21C8 /* AppDelegate.swift */ = {isa = PBXFileReference; lastKnownFileType = sourcecode.swift; path = AppDelegate.swift; sourceTree = "<group>"; };
		16A10FC02676DA5800CB21C8 /* SceneDelegate.swift */ = {isa = PBXFileReference; lastKnownFileType = sourcecode.swift; path = SceneDelegate.swift; sourceTree = "<group>"; };
		16A10FC22676DA5800CB21C8 /* ViewController.swift */ = {isa = PBXFileReference; lastKnownFileType = sourcecode.swift; path = ViewController.swift; sourceTree = "<group>"; };
		16A10FC52676DA5800CB21C8 /* Base */ = {isa = PBXFileReference; lastKnownFileType = file.storyboard; name = Base; path = Base.lproj/Main.storyboard; sourceTree = "<group>"; };
		16A10FC72676DA6500CB21C8 /* Assets.xcassets */ = {isa = PBXFileReference; lastKnownFileType = folder.assetcatalog; path = Assets.xcassets; sourceTree = "<group>"; };
		16A10FCA2676DA6500CB21C8 /* Base */ = {isa = PBXFileReference; lastKnownFileType = file.storyboard; name = Base; path = Base.lproj/LaunchScreen.storyboard; sourceTree = "<group>"; };
		16A10FCC2676DA6500CB21C8 /* Info.plist */ = {isa = PBXFileReference; lastKnownFileType = text.plist.xml; path = Info.plist; sourceTree = "<group>"; };
		16A10FD22676DC2300CB21C8 /* ItemButton.swift */ = {isa = PBXFileReference; lastKnownFileType = sourcecode.swift; path = ItemButton.swift; sourceTree = "<group>"; };
/* End PBXFileReference section */

/* Begin PBXFrameworksBuildPhase section */
		16A10FB82676DA5800CB21C8 /* Frameworks */ = {
			isa = PBXFrameworksBuildPhase;
			buildActionMask = 2147483647;
			files = (
			);
			runOnlyForDeploymentPostprocessing = 0;
		};
/* End PBXFrameworksBuildPhase section */

/* Begin PBXGroup section */
		1605340B26785DE4001368B0 /* Supporting Files */ = {
			isa = PBXGroup;
			children = (
				1605340C26785DFB001368B0 /* FoodItems.swift */,
				16A10FD22676DC2300CB21C8 /* ItemButton.swift */,
				1605340E2678636A001368B0 /* Model.swift */,
			);
			path = "Supporting Files";
			sourceTree = "<group>";
		};
		16A10FB22676DA5800CB21C8 = {
			isa = PBXGroup;
			children = (
				16A10FBD2676DA5800CB21C8 /* VisualMenu */,
				16A10FBC2676DA5800CB21C8 /* Products */,
			);
			sourceTree = "<group>";
		};
		16A10FBC2676DA5800CB21C8 /* Products */ = {
			isa = PBXGroup;
			children = (
				16A10FBB2676DA5800CB21C8 /* VisualMenu.app */,
			);
			name = Products;
			sourceTree = "<group>";
		};
		16A10FBD2676DA5800CB21C8 /* VisualMenu */ = {
			isa = PBXGroup;
			children = (
				1605340B26785DE4001368B0 /* Supporting Files */,
				16A10FBE2676DA5800CB21C8 /* AppDelegate.swift */,
				16A10FC02676DA5800CB21C8 /* SceneDelegate.swift */,
				16A10FC22676DA5800CB21C8 /* ViewController.swift */,
				16A10FC42676DA5800CB21C8 /* Main.storyboard */,
				16A10FC72676DA6500CB21C8 /* Assets.xcassets */,
				16A10FC92676DA6500CB21C8 /* LaunchScreen.storyboard */,
				16A10FCC2676DA6500CB21C8 /* Info.plist */,
				1625B0F92679B10700160739 /* Localizable.strings */,
			);
			path = VisualMenu;
			sourceTree = "<group>";
		};
/* End PBXGroup section */

/* Begin PBXNativeTarget section */
		16A10FBA2676DA5800CB21C8 /* VisualMenu */ = {
			isa = PBXNativeTarget;
			buildConfigurationList = 16A10FCF2676DA6500CB21C8 /* Build configuration list for PBXNativeTarget "VisualMenu" */;
			buildPhases = (
				16A10FB72676DA5800CB21C8 /* Sources */,
				16A10FB82676DA5800CB21C8 /* Frameworks */,
				16A10FB92676DA5800CB21C8 /* Resources */,
			);
			buildRules = (
			);
			dependencies = (
			);
			name = VisualMenu;
			productName = VisualMenu;
			productReference = 16A10FBB2676DA5800CB21C8 /* VisualMenu.app */;
			productType = "com.apple.product-type.application";
		};
/* End PBXNativeTarget section */

/* Begin PBXProject section */
		16A10FB32676DA5800CB21C8 /* Project object */ = {
			isa = PBXProject;
			attributes = {
				LastSwiftUpdateCheck = 1250;
				LastUpgradeCheck = 1250;
				TargetAttributes = {
					16A10FBA2676DA5800CB21C8 = {
						CreatedOnToolsVersion = 12.5;
					};
				};
			};
			buildConfigurationList = 16A10FB62676DA5800CB21C8 /* Build configuration list for PBXProject "VisualMenu" */;
			compatibilityVersion = "Xcode 9.3";
			developmentRegion = en;
			hasScannedForEncodings = 0;
			knownRegions = (
				en,
				Base,
				fr,
			);
			mainGroup = 16A10FB22676DA5800CB21C8;
			productRefGroup = 16A10FBC2676DA5800CB21C8 /* Products */;
			projectDirPath = "";
			projectRoot = "";
			targets = (
				16A10FBA2676DA5800CB21C8 /* VisualMenu */,
			);
		};
/* End PBXProject section */

/* Begin PBXResourcesBuildPhase section */
		16A10FB92676DA5800CB21C8 /* Resources */ = {
			isa = PBXResourcesBuildPhase;
			buildActionMask = 2147483647;
			files = (
				16A10FCB2676DA6500CB21C8 /* LaunchScreen.storyboard in Resources */,
				1625B0F72679B10700160739 /* Localizable.strings in Resources */,
				16A10FC82676DA6500CB21C8 /* Assets.xcassets in Resources */,
				16A10FC62676DA5800CB21C8 /* Main.storyboard in Resources */,
			);
			runOnlyForDeploymentPostprocessing = 0;
		};
/* End PBXResourcesBuildPhase section */

/* Begin PBXSourcesBuildPhase section */
		16A10FB72676DA5800CB21C8 /* Sources */ = {
			isa = PBXSourcesBuildPhase;
			buildActionMask = 2147483647;
			files = (
				16A10FC32676DA5800CB21C8 /* ViewController.swift in Sources */,
				16A10FBF2676DA5800CB21C8 /* AppDelegate.swift in Sources */,
				16A10FD32676DC2300CB21C8 /* ItemButton.swift in Sources */,
				1605340F2678636A001368B0 /* Model.swift in Sources */,
				16A10FC12676DA5800CB21C8 /* SceneDelegate.swift in Sources */,
				1605340D26785DFB001368B0 /* FoodItems.swift in Sources */,
			);
			runOnlyForDeploymentPostprocessing = 0;
		};
/* End PBXSourcesBuildPhase section */

/* Begin PBXVariantGroup section */
		1625B0F92679B10700160739 /* Localizable.strings */ = {
			isa = PBXVariantGroup;
			children = (
				1625B0F82679B10700160739 /* en */,
				1625B0FA2679B13400160739 /* fr */,
			);
			name = Localizable.strings;
			sourceTree = "<group>";
		};
		16A10FC42676DA5800CB21C8 /* Main.storyboard */ = {
			isa = PBXVariantGroup;
			children = (
				16A10FC52676DA5800CB21C8 /* Base */,
			);
			name = Main.storyboard;
			sourceTree = "<group>";
		};
		16A10FC92676DA6500CB21C8 /* LaunchScreen.storyboard */ = {
			isa = PBXVariantGroup;
			children = (
				16A10FCA2676DA6500CB21C8 /* Base */,
			);
			name = LaunchScreen.storyboard;
			sourceTree = "<group>";
		};
/* End PBXVariantGroup section */

/* Begin XCBuildConfiguration section */
		16A10FCD2676DA6500CB21C8 /* Debug */ = {
			isa = XCBuildConfiguration;
			buildSettings = {
				ALWAYS_SEARCH_USER_PATHS = NO;
				CLANG_ANALYZER_LOCALIZABILITY_NONLOCALIZED = YES;
				CLANG_ANALYZER_NONNULL = YES;
				CLANG_ANALYZER_NUMBER_OBJECT_CONVERSION = YES_AGGRESSIVE;
				CLANG_CXX_LANGUAGE_STANDARD = "gnu++14";
				CLANG_CXX_LIBRARY = "libc++";
				CLANG_ENABLE_MODULES = YES;
				CLANG_ENABLE_OBJC_ARC = YES;
				CLANG_ENABLE_OBJC_WEAK = YES;
				CLANG_WARN_BLOCK_CAPTURE_AUTORELEASING = YES;
				CLANG_WARN_BOOL_CONVERSION = YES;
				CLANG_WARN_COMMA = YES;
				CLANG_WARN_CONSTANT_CONVERSION = YES;
				CLANG_WARN_DEPRECATED_OBJC_IMPLEMENTATIONS = YES;
				CLANG_WARN_DIRECT_OBJC_ISA_USAGE = YES_ERROR;
				CLANG_WARN_DOCUMENTATION_COMMENTS = YES;
				CLANG_WARN_EMPTY_BODY = YES;
				CLANG_WARN_ENUM_CONVERSION = YES;
				CLANG_WARN_INFINITE_RECURSION = YES;
				CLANG_WARN_INT_CONVERSION = YES;
				CLANG_WARN_NON_LITERAL_NULL_CONVERSION = YES;
				CLANG_WARN_OBJC_IMPLICIT_RETAIN_SELF = YES;
				CLANG_WARN_OBJC_LITERAL_CONVERSION = YES;
				CLANG_WARN_OBJC_ROOT_CLASS = YES_ERROR;
				CLANG_WARN_QUOTED_INCLUDE_IN_FRAMEWORK_HEADER = YES;
				CLANG_WARN_RANGE_LOOP_ANALYSIS = YES;
				CLANG_WARN_STRICT_PROTOTYPES = YES;
				CLANG_WARN_SUSPICIOUS_MOVE = YES;
				CLANG_WARN_UNGUARDED_AVAILABILITY = YES_AGGRESSIVE;
				CLANG_WARN_UNREACHABLE_CODE = YES;
				CLANG_WARN__DUPLICATE_METHOD_MATCH = YES;
				COPY_PHASE_STRIP = NO;
				DEBUG_INFORMATION_FORMAT = dwarf;
				ENABLE_STRICT_OBJC_MSGSEND = YES;
				ENABLE_TESTABILITY = YES;
				GCC_C_LANGUAGE_STANDARD = gnu11;
				GCC_DYNAMIC_NO_PIC = NO;
				GCC_NO_COMMON_BLOCKS = YES;
				GCC_OPTIMIZATION_LEVEL = 0;
				GCC_PREPROCESSOR_DEFINITIONS = (
					"DEBUG=1",
					"$(inherited)",
				);
				GCC_WARN_64_TO_32_BIT_CONVERSION = YES;
				GCC_WARN_ABOUT_RETURN_TYPE = YES_ERROR;
				GCC_WARN_UNDECLARED_SELECTOR = YES;
				GCC_WARN_UNINITIALIZED_AUTOS = YES_AGGRESSIVE;
				GCC_WARN_UNUSED_FUNCTION = YES;
				GCC_WARN_UNUSED_VARIABLE = YES;
				IPHONEOS_DEPLOYMENT_TARGET = 14.5;
				MTL_ENABLE_DEBUG_INFO = INCLUDE_SOURCE;
				MTL_FAST_MATH = YES;
				ONLY_ACTIVE_ARCH = YES;
				SDKROOT = iphoneos;
				SWIFT_ACTIVE_COMPILATION_CONDITIONS = DEBUG;
				SWIFT_OPTIMIZATION_LEVEL = "-Onone";
			};
			name = Debug;
		};
		16A10FCE2676DA6500CB21C8 /* Release */ = {
			isa = XCBuildConfiguration;
			buildSettings = {
				ALWAYS_SEARCH_USER_PATHS = NO;
				CLANG_ANALYZER_LOCALIZABILITY_NONLOCALIZED = YES;
				CLANG_ANALYZER_NONNULL = YES;
				CLANG_ANALYZER_NUMBER_OBJECT_CONVERSION = YES_AGGRESSIVE;
				CLANG_CXX_LANGUAGE_STANDARD = "gnu++14";
				CLANG_CXX_LIBRARY = "libc++";
				CLANG_ENABLE_MODULES = YES;
				CLANG_ENABLE_OBJC_ARC = YES;
				CLANG_ENABLE_OBJC_WEAK = YES;
				CLANG_WARN_BLOCK_CAPTURE_AUTORELEASING = YES;
				CLANG_WARN_BOOL_CONVERSION = YES;
				CLANG_WARN_COMMA = YES;
				CLANG_WARN_CONSTANT_CONVERSION = YES;
				CLANG_WARN_DEPRECATED_OBJC_IMPLEMENTATIONS = YES;
				CLANG_WARN_DIRECT_OBJC_ISA_USAGE = YES_ERROR;
				CLANG_WARN_DOCUMENTATION_COMMENTS = YES;
				CLANG_WARN_EMPTY_BODY = YES;
				CLANG_WARN_ENUM_CONVERSION = YES;
				CLANG_WARN_INFINITE_RECURSION = YES;
				CLANG_WARN_INT_CONVERSION = YES;
				CLANG_WARN_NON_LITERAL_NULL_CONVERSION = YES;
				CLANG_WARN_OBJC_IMPLICIT_RETAIN_SELF = YES;
				CLANG_WARN_OBJC_LITERAL_CONVERSION = YES;
				CLANG_WARN_OBJC_ROOT_CLASS = YES_ERROR;
				CLANG_WARN_QUOTED_INCLUDE_IN_FRAMEWORK_HEADER = YES;
				CLANG_WARN_RANGE_LOOP_ANALYSIS = YES;
				CLANG_WARN_STRICT_PROTOTYPES = YES;
				CLANG_WARN_SUSPICIOUS_MOVE = YES;
				CLANG_WARN_UNGUARDED_AVAILABILITY = YES_AGGRESSIVE;
				CLANG_WARN_UNREACHABLE_CODE = YES;
				CLANG_WARN__DUPLICATE_METHOD_MATCH = YES;
				COPY_PHASE_STRIP = NO;
				DEBUG_INFORMATION_FORMAT = "dwarf-with-dsym";
				ENABLE_NS_ASSERTIONS = NO;
				ENABLE_STRICT_OBJC_MSGSEND = YES;
				GCC_C_LANGUAGE_STANDARD = gnu11;
				GCC_NO_COMMON_BLOCKS = YES;
				GCC_WARN_64_TO_32_BIT_CONVERSION = YES;
				GCC_WARN_ABOUT_RETURN_TYPE = YES_ERROR;
				GCC_WARN_UNDECLARED_SELECTOR = YES;
				GCC_WARN_UNINITIALIZED_AUTOS = YES_AGGRESSIVE;
				GCC_WARN_UNUSED_FUNCTION = YES;
				GCC_WARN_UNUSED_VARIABLE = YES;
				IPHONEOS_DEPLOYMENT_TARGET = 14.5;
				MTL_ENABLE_DEBUG_INFO = NO;
				MTL_FAST_MATH = YES;
				SDKROOT = iphoneos;
				SWIFT_COMPILATION_MODE = wholemodule;
				SWIFT_OPTIMIZATION_LEVEL = "-O";
				VALIDATE_PRODUCT = YES;
			};
			name = Release;
		};
		16A10FD02676DA6500CB21C8 /* Debug */ = {
			isa = XCBuildConfiguration;
			buildSettings = {
				ASSETCATALOG_COMPILER_APPICON_NAME = AppIcon;
				ASSETCATALOG_COMPILER_GLOBAL_ACCENT_COLOR_NAME = AccentColor;
				CODE_SIGN_STYLE = Automatic;
				INFOPLIST_FILE = VisualMenu/Info.plist;
				LD_RUNPATH_SEARCH_PATHS = (
					"$(inherited)",
					"@executable_path/Frameworks",
				);
				PRODUCT_BUNDLE_IDENTIFIER = com.asingh34.VisualMenu;
				PRODUCT_NAME = "$(TARGET_NAME)";
				SWIFT_VERSION = 5.0;
				TARGETED_DEVICE_FAMILY = "1,2";
			};
			name = Debug;
		};
		16A10FD12676DA6500CB21C8 /* Release */ = {
			isa = XCBuildConfiguration;
			buildSettings = {
				ASSETCATALOG_COMPILER_APPICON_NAME = AppIcon;
				ASSETCATALOG_COMPILER_GLOBAL_ACCENT_COLOR_NAME = AccentColor;
				CODE_SIGN_STYLE = Automatic;
				INFOPLIST_FILE = VisualMenu/Info.plist;
				LD_RUNPATH_SEARCH_PATHS = (
					"$(inherited)",
					"@executable_path/Frameworks",
				);
				PRODUCT_BUNDLE_IDENTIFIER = com.asingh34.VisualMenu;
				PRODUCT_NAME = "$(TARGET_NAME)";
				SWIFT_VERSION = 5.0;
				TARGETED_DEVICE_FAMILY = "1,2";
			};
			name = Release;
		};
/* End XCBuildConfiguration section */

/* Begin XCConfigurationList section */
		16A10FB62676DA5800CB21C8 /* Build configuration list for PBXProject "VisualMenu" */ = {
			isa = XCConfigurationList;
			buildConfigurations = (
				16A10FCD2676DA6500CB21C8 /* Debug */,
				16A10FCE2676DA6500CB21C8 /* Release */,
			);
			defaultConfigurationIsVisible = 0;
			defaultConfigurationName = Release;
		};
		16A10FCF2676DA6500CB21C8 /* Build configuration list for PBXNativeTarget "VisualMenu" */ = {
			isa = XCConfigurationList;
			buildConfigurations = (
				16A10FD02676DA6500CB21C8 /* Debug */,
				16A10FD12676DA6500CB21C8 /* Release */,
			);
			defaultConfigurationIsVisible = 0;
			defaultConfigurationName = Release;
		};
/* End XCConfigurationList section */
	};
	rootObject = 16A10FB32676DA5800CB21C8 /* Project object */;
}
